
Microsoft Visual Studio Solution File, Format Version 12.00
# Visual Studio Version 16
VisualStudioVersion = 16.0.29721.120
MinimumVisualStudioVersion = 10.0.40219.1
Project("{FAE04EC0-301F-11D3-BF4B-00C04F79EFBC}") = "MySerialPortMaster", "SerialPortMaster\MySerialPortMaster.csproj", "{04EC206F-7F4B-4C57-ACF5-4091D6C78C10}"
EndProject
Project("{FAE04EC0-301F-11D3-BF4B-00C04F79EFBC}") = "三相智慧能源网关调试软件", "三相网关调试软件\三相智慧能源网关调试软件.csproj", "{A885422F-B044-41AE-9139-1C384FC2367D}"
EndProject
Project("{FAE04EC0-301F-11D3-BF4B-00C04F79EFBC}") = "UnitTestProject1", "UnitTestProject1\UnitTestProject1.csproj", "{31E1DC0B-2A22-4B14-96D9-1692382E2530}"
EndProject
Project("{FAE04EC0-301F-11D3-BF4B-00C04F79EFBC}") = "MyAnimation", "myAnimation\MyAnimation.csproj", "{AFA4A472-60B0-47B1-B5B5-730F4782EB4F}"
EndProject
Project("{FAE04EC0-301F-11D3-BF4B-00C04F79EFBC}") = "FileTransmit", "YmodernClassLibrary\FileTransmit.csproj", "{08060170-2F0F-4C56-82FD-D93BA6F1A56D}"
EndProject
Project("{FAE04EC0-301F-11D3-BF4B-00C04F79EFBC}") = "WcfService", "WcfService\WcfService.csproj", "{A8823B49-FBE2-47A4-9A74-1B6336D1E018}"
EndProject
Project("{FAE04EC0-301F-11D3-BF4B-00C04F79EFBC}") = "Tftp.Net", "tftp.net-master\tftp.net-master\Tftp.Net\Tftp.Net.csproj", "{A3F0DE15-AC97-428D-830C-4F9721EE3627}"
EndProject
Project("{9A19103F-16F7-4668-BE54-9A1E7A4F7556}") = "MyWebApi", "MyWebApi\MyWebApi.csproj", "{83825AA1-AC78-4EF1-B80A-CBD3CD87AAE3}"
EndProject
Project("{FAE04EC0-301F-11D3-BF4B-00C04F79EFBC}") = "DataNotification", "DataNotification\DataNotification.csproj", "{6AD7434E-28AA-46DA-BD61-E90BE3774E0E}"
EndProject
Project("{9A19103F-16F7-4668-BE54-9A1E7A4F7556}") = "MyDlmsStandard", "MyDlmsStandard\MyDlmsStandard.csproj", "{1EAE0F1C-7416-4CD3-B9D0-20065DB998F4}"
EndProject
Project("{FAE04EC0-301F-11D3-BF4B-00C04F79EFBC}") = "SyncfusionWpfApp1", "SyncfusionWpfApp1\SyncfusionWpfApp1.csproj", "{ACA940B1-19F0-4123-95D8-530A1C78F285}"
EndProject
Project("{FAE04EC0-301F-11D3-BF4B-00C04F79EFBC}") = "ConsoleAppTestTcpServer", "ConsoleAppTestTcpServer\ConsoleAppTestTcpServer.csproj", "{CC93F4E5-DBC0-42C4-A3AC-EF40FDF613F3}"
EndProject
Project("{9A19103F-16F7-4668-BE54-9A1E7A4F7556}") = "WebApplication2", "WebApplication2\WebApplication2.csproj", "{2C55D771-2F0A-4199-8974-B2415B8B80DC}"
EndProject
Global
	GlobalSection(SolutionConfigurationPlatforms) = preSolution
		Debug|Any CPU = Debug|Any CPU
		Release|Any CPU = Release|Any CPU
	EndGlobalSection
	GlobalSection(ProjectConfigurationPlatforms) = postSolution
		{04EC206F-7F4B-4C57-ACF5-4091D6C78C10}.Debug|Any CPU.ActiveCfg = Debug|Any CPU
		{04EC206F-7F4B-4C57-ACF5-4091D6C78C10}.Debug|Any CPU.Build.0 = Debug|Any CPU
		{04EC206F-7F4B-4C57-ACF5-4091D6C78C10}.Release|Any CPU.ActiveCfg = Release|Any CPU
		{04EC206F-7F4B-4C57-ACF5-4091D6C78C10}.Release|Any CPU.Build.0 = Release|Any CPU
		{A885422F-B044-41AE-9139-1C384FC2367D}.Debug|Any CPU.ActiveCfg = Debug|Any CPU
		{A885422F-B044-41AE-9139-1C384FC2367D}.Debug|Any CPU.Build.0 = Debug|Any CPU
		{A885422F-B044-41AE-9139-1C384FC2367D}.Release|Any CPU.ActiveCfg = Release|Any CPU
		{A885422F-B044-41AE-9139-1C384FC2367D}.Release|Any CPU.Build.0 = Release|Any CPU
		{31E1DC0B-2A22-4B14-96D9-1692382E2530}.Debug|Any CPU.ActiveCfg = Debug|Any CPU
		{31E1DC0B-2A22-4B14-96D9-1692382E2530}.Debug|Any CPU.Build.0 = Debug|Any CPU
		{31E1DC0B-2A22-4B14-96D9-1692382E2530}.Release|Any CPU.ActiveCfg = Release|Any CPU
		{31E1DC0B-2A22-4B14-96D9-1692382E2530}.Release|Any CPU.Build.0 = Release|Any CPU
		{AFA4A472-60B0-47B1-B5B5-730F4782EB4F}.Debug|Any CPU.ActiveCfg = Debug|Any CPU
		{AFA4A472-60B0-47B1-B5B5-730F4782EB4F}.Debug|Any CPU.Build.0 = Debug|Any CPU
		{AFA4A472-60B0-47B1-B5B5-730F4782EB4F}.Release|Any CPU.ActiveCfg = Release|Any CPU
		{AFA4A472-60B0-47B1-B5B5-730F4782EB4F}.Release|Any CPU.Build.0 = Release|Any CPU
		{08060170-2F0F-4C56-82FD-D93BA6F1A56D}.Debug|Any CPU.ActiveCfg = Debug|Any CPU
		{08060170-2F0F-4C56-82FD-D93BA6F1A56D}.Debug|Any CPU.Build.0 = Debug|Any CPU
		{08060170-2F0F-4C56-82FD-D93BA6F1A56D}.Release|Any CPU.ActiveCfg = Release|Any CPU
		{08060170-2F0F-4C56-82FD-D93BA6F1A56D}.Release|Any CPU.Build.0 = Release|Any CPU
		{A8823B49-FBE2-47A4-9A74-1B6336D1E018}.Debug|Any CPU.ActiveCfg = Debug|Any CPU
		{A8823B49-FBE2-47A4-9A74-1B6336D1E018}.Debug|Any CPU.Build.0 = Debug|Any CPU
		{A8823B49-FBE2-47A4-9A74-1B6336D1E018}.Release|Any CPU.ActiveCfg = Release|Any CPU
		{A8823B49-FBE2-47A4-9A74-1B6336D1E018}.Release|Any CPU.Build.0 = Release|Any CPU
		{A3F0DE15-AC97-428D-830C-4F9721EE3627}.Debug|Any CPU.ActiveCfg = Debug|Any CPU
		{A3F0DE15-AC97-428D-830C-4F9721EE3627}.Debug|Any CPU.Build.0 = Debug|Any CPU
		{A3F0DE15-AC97-428D-830C-4F9721EE3627}.Release|Any CPU.ActiveCfg = Release|Any CPU
		{A3F0DE15-AC97-428D-830C-4F9721EE3627}.Release|Any CPU.Build.0 = Release|Any CPU
		{83825AA1-AC78-4EF1-B80A-CBD3CD87AAE3}.Debug|Any CPU.ActiveCfg = Debug|Any CPU
		{83825AA1-AC78-4EF1-B80A-CBD3CD87AAE3}.Debug|Any CPU.Build.0 = Debug|Any CPU
		{83825AA1-AC78-4EF1-B80A-CBD3CD87AAE3}.Release|Any CPU.ActiveCfg = Release|Any CPU
		{83825AA1-AC78-4EF1-B80A-CBD3CD87AAE3}.Release|Any CPU.Build.0 = Release|Any CPU
		{6AD7434E-28AA-46DA-BD61-E90BE3774E0E}.Debug|Any CPU.ActiveCfg = Debug|Any CPU
		{6AD7434E-28AA-46DA-BD61-E90BE3774E0E}.Debug|Any CPU.Build.0 = Debug|Any CPU
		{6AD7434E-28AA-46DA-BD61-E90BE3774E0E}.Release|Any CPU.ActiveCfg = Release|Any CPU
		{6AD7434E-28AA-46DA-BD61-E90BE3774E0E}.Release|Any CPU.Build.0 = Release|Any CPU
		{1EAE0F1C-7416-4CD3-B9D0-20065DB998F4}.Debug|Any CPU.ActiveCfg = Debug|Any CPU
		{1EAE0F1C-7416-4CD3-B9D0-20065DB998F4}.Debug|Any CPU.Build.0 = Debug|Any CPU
		{1EAE0F1C-7416-4CD3-B9D0-20065DB998F4}.Release|Any CPU.ActiveCfg = Release|Any CPU
		{1EAE0F1C-7416-4CD3-B9D0-20065DB998F4}.Release|Any CPU.Build.0 = Release|Any CPU
		{ACA940B1-19F0-4123-95D8-530A1C78F285}.Debug|Any CPU.ActiveCfg = Debug|Any CPU
		{ACA940B1-19F0-4123-95D8-530A1C78F285}.Debug|Any CPU.Build.0 = Debug|Any CPU
		{ACA940B1-19F0-4123-95D8-530A1C78F285}.Release|Any CPU.ActiveCfg = Release|Any CPU
		{ACA940B1-19F0-4123-95D8-530A1C78F285}.Release|Any CPU.Build.0 = Release|Any CPU
		{CC93F4E5-DBC0-42C4-A3AC-EF40FDF613F3}.Debug|Any CPU.ActiveCfg = Debug|Any CPU
		{CC93F4E5-DBC0-42C4-A3AC-EF40FDF613F3}.Debug|Any CPU.Build.0 = Debug|Any CPU
		{CC93F4E5-DBC0-42C4-A3AC-EF40FDF613F3}.Release|Any CPU.ActiveCfg = Release|Any CPU
		{CC93F4E5-DBC0-42C4-A3AC-EF40FDF613F3}.Release|Any CPU.Build.0 = Release|Any CPU
		{2C55D771-2F0A-4199-8974-B2415B8B80DC}.Debug|Any CPU.ActiveCfg = Debug|Any CPU
		{2C55D771-2F0A-4199-8974-B2415B8B80DC}.Debug|Any CPU.Build.0 = Debug|Any CPU
		{2C55D771-2F0A-4199-8974-B2415B8B80DC}.Release|Any CPU.ActiveCfg = Release|Any CPU
		{2C55D771-2F0A-4199-8974-B2415B8B80DC}.Release|Any CPU.Build.0 = Release|Any CPU
	EndGlobalSection
	GlobalSection(SolutionProperties) = preSolution
		HideSolutionNode = FALSE
	EndGlobalSection
	GlobalSection(ExtensibilityGlobals) = postSolution
		SolutionGuid = {8FF8A2CE-41D5-47B1-9BA3-991ED4B6D2F8}
	EndGlobalSection
EndGlobal
