
Microsoft Visual Studio Solution File, Format Version 12.00
# Visual Studio Version 17
VisualStudioVersion = 17.1.31903.286
MinimumVisualStudioVersion = 10.0.40219.1
Project("{FAE04EC0-301F-11D3-BF4B-00C04F79EFBC}") = "MySerialPortMaster", "SerialPortMaster\MySerialPortMaster.csproj", "{04EC206F-7F4B-4C57-ACF5-4091D6C78C10}"
EndProject
Project("{FAE04EC0-301F-11D3-BF4B-00C04F79EFBC}") = "三相智慧能源网关调试软件", "三相网关调试软件\三相智慧能源网关调试软件.csproj", "{A885422F-B044-41AE-9139-1C384FC2367D}"
EndProject
Project("{FAE04EC0-301F-11D3-BF4B-00C04F79EFBC}") = "UnitTestProject1", "UnitTestProject1\UnitTestProject1.csproj", "{31E1DC0B-2A22-4B14-96D9-1692382E2530}"
EndProject
Project("{FAE04EC0-301F-11D3-BF4B-00C04F79EFBC}") = "MyAnimation", "myAnimation\MyAnimation.csproj", "{AFA4A472-60B0-47B1-B5B5-730F4782EB4F}"
EndProject
Project("{FAE04EC0-301F-11D3-BF4B-00C04F79EFBC}") = "FileTransmit", "YmodernClassLibrary\FileTransmit.csproj", "{08060170-2F0F-4C56-82FD-D93BA6F1A56D}"
EndProject
Project("{FAE04EC0-301F-11D3-BF4B-00C04F79EFBC}") = "WcfService", "WcfService\WcfService.csproj", "{A8823B49-FBE2-47A4-9A74-1B6336D1E018}"
EndProject
Project("{FAE04EC0-301F-11D3-BF4B-00C04F79EFBC}") = "Tftp.Net", "tftp.net-master\tftp.net-master\Tftp.Net\Tftp.Net.csproj", "{A3F0DE15-AC97-428D-830C-4F9721EE3627}"
EndProject
Project("{9A19103F-16F7-4668-BE54-9A1E7A4F7556}") = "MyWebApi", "MyWebApi\MyWebApi.csproj", "{F79FCD64-0F08-443B-A02E-22CA1E8D8DB3}"
EndProject
Project("{FAE04EC0-301F-11D3-BF4B-00C04F79EFBC}") = "DataNotification", "DataNotification\DataNotification.csproj", "{6AD7434E-28AA-46DA-BD61-E90BE3774E0E}"
EndProject
Project("{9A19103F-16F7-4668-BE54-9A1E7A4F7556}") = "MyDlmsStandard", "MyDlmsStandard\MyDlmsStandard.csproj", "{0BB3C4CE-DAEC-4884-A061-449921C6E9B9}"
EndProject
Project("{FAE04EC0-301F-11D3-BF4B-00C04F79EFBC}") = "ConsoleAppTestTcpServer", "ConsoleAppTestTcpServer\ConsoleAppTestTcpServer.csproj", "{CC93F4E5-DBC0-42C4-A3AC-EF40FDF613F3}"
EndProject
Project("{9A19103F-16F7-4668-BE54-9A1E7A4F7556}") = "WebApplication2", "WebApplication2\WebApplication2.csproj", "{E83BBF5C-4010-4F90-8319-52610D97238E}"
EndProject
Project("{FAE04EC0-301F-11D3-BF4B-00C04F79EFBC}") = "WpfAppBluetooth", "WpfAppBluetooth\WpfAppBluetooth.csproj", "{FB8BD1D8-7BD1-479B-AE01-C8967B461F5E}"
EndProject
Project("{FAE04EC0-301F-11D3-BF4B-00C04F79EFBC}") = "JobMaster", "JobMaster\JobMaster.csproj", "{C106AF1D-721C-41FB-BE40-A0A873C1B9BD}"
EndProject
Global
	GlobalSection(SolutionConfigurationPlatforms) = preSolution
		Debug|Any CPU = Debug|Any CPU
		Debug|x64 = Debug|x64
		Debug|x86 = Debug|x86
		Release|Any CPU = Release|Any CPU
		Release|x64 = Release|x64
		Release|x86 = Release|x86
	EndGlobalSection
	GlobalSection(ProjectConfigurationPlatforms) = postSolution
		{04EC206F-7F4B-4C57-ACF5-4091D6C78C10}.Debug|Any CPU.ActiveCfg = Debug|Any CPU
		{04EC206F-7F4B-4C57-ACF5-4091D6C78C10}.Debug|Any CPU.Build.0 = Debug|Any CPU
		{04EC206F-7F4B-4C57-ACF5-4091D6C78C10}.Debug|x64.ActiveCfg = Debug|x64
		{04EC206F-7F4B-4C57-ACF5-4091D6C78C10}.Debug|x64.Build.0 = Debug|x64
		{04EC206F-7F4B-4C57-ACF5-4091D6C78C10}.Debug|x86.ActiveCfg = Debug|x86
		{04EC206F-7F4B-4C57-ACF5-4091D6C78C10}.Debug|x86.Build.0 = Debug|x86
		{04EC206F-7F4B-4C57-ACF5-4091D6C78C10}.Release|Any CPU.ActiveCfg = Release|Any CPU
		{04EC206F-7F4B-4C57-ACF5-4091D6C78C10}.Release|Any CPU.Build.0 = Release|Any CPU
		{04EC206F-7F4B-4C57-ACF5-4091D6C78C10}.Release|x64.ActiveCfg = Release|x64
		{04EC206F-7F4B-4C57-ACF5-4091D6C78C10}.Release|x64.Build.0 = Release|x64
		{04EC206F-7F4B-4C57-ACF5-4091D6C78C10}.Release|x86.ActiveCfg = Release|x86
		{04EC206F-7F4B-4C57-ACF5-4091D6C78C10}.Release|x86.Build.0 = Release|x86
		{A885422F-B044-41AE-9139-1C384FC2367D}.Debug|Any CPU.ActiveCfg = Debug|Any CPU
		{A885422F-B044-41AE-9139-1C384FC2367D}.Debug|Any CPU.Build.0 = Debug|Any CPU
		{A885422F-B044-41AE-9139-1C384FC2367D}.Debug|x64.ActiveCfg = Debug|Any CPU
		{A885422F-B044-41AE-9139-1C384FC2367D}.Debug|x64.Build.0 = Debug|Any CPU
		{A885422F-B044-41AE-9139-1C384FC2367D}.Debug|x86.ActiveCfg = Debug|Any CPU
		{A885422F-B044-41AE-9139-1C384FC2367D}.Debug|x86.Build.0 = Debug|Any CPU
		{A885422F-B044-41AE-9139-1C384FC2367D}.Release|Any CPU.ActiveCfg = Release|Any CPU
		{A885422F-B044-41AE-9139-1C384FC2367D}.Release|Any CPU.Build.0 = Release|Any CPU
		{A885422F-B044-41AE-9139-1C384FC2367D}.Release|x64.ActiveCfg = Release|Any CPU
		{A885422F-B044-41AE-9139-1C384FC2367D}.Release|x64.Build.0 = Release|Any CPU
		{A885422F-B044-41AE-9139-1C384FC2367D}.Release|x86.ActiveCfg = Release|Any CPU
		{A885422F-B044-41AE-9139-1C384FC2367D}.Release|x86.Build.0 = Release|Any CPU
		{31E1DC0B-2A22-4B14-96D9-1692382E2530}.Debug|Any CPU.ActiveCfg = Debug|Any CPU
		{31E1DC0B-2A22-4B14-96D9-1692382E2530}.Debug|Any CPU.Build.0 = Debug|Any CPU
		{31E1DC0B-2A22-4B14-96D9-1692382E2530}.Debug|x64.ActiveCfg = Debug|Any CPU
		{31E1DC0B-2A22-4B14-96D9-1692382E2530}.Debug|x64.Build.0 = Debug|Any CPU
		{31E1DC0B-2A22-4B14-96D9-1692382E2530}.Debug|x86.ActiveCfg = Debug|Any CPU
		{31E1DC0B-2A22-4B14-96D9-1692382E2530}.Debug|x86.Build.0 = Debug|Any CPU
		{31E1DC0B-2A22-4B14-96D9-1692382E2530}.Release|Any CPU.ActiveCfg = Release|Any CPU
		{31E1DC0B-2A22-4B14-96D9-1692382E2530}.Release|Any CPU.Build.0 = Release|Any CPU
		{31E1DC0B-2A22-4B14-96D9-1692382E2530}.Release|x64.ActiveCfg = Release|Any CPU
		{31E1DC0B-2A22-4B14-96D9-1692382E2530}.Release|x64.Build.0 = Release|Any CPU
		{31E1DC0B-2A22-4B14-96D9-1692382E2530}.Release|x86.ActiveCfg = Release|Any CPU
		{31E1DC0B-2A22-4B14-96D9-1692382E2530}.Release|x86.Build.0 = Release|Any CPU
		{AFA4A472-60B0-47B1-B5B5-730F4782EB4F}.Debug|Any CPU.ActiveCfg = Debug|Any CPU
		{AFA4A472-60B0-47B1-B5B5-730F4782EB4F}.Debug|Any CPU.Build.0 = Debug|Any CPU
		{AFA4A472-60B0-47B1-B5B5-730F4782EB4F}.Debug|x64.ActiveCfg = Debug|Any CPU
		{AFA4A472-60B0-47B1-B5B5-730F4782EB4F}.Debug|x64.Build.0 = Debug|Any CPU
		{AFA4A472-60B0-47B1-B5B5-730F4782EB4F}.Debug|x86.ActiveCfg = Debug|Any CPU
		{AFA4A472-60B0-47B1-B5B5-730F4782EB4F}.Debug|x86.Build.0 = Debug|Any CPU
		{AFA4A472-60B0-47B1-B5B5-730F4782EB4F}.Release|Any CPU.ActiveCfg = Release|Any CPU
		{AFA4A472-60B0-47B1-B5B5-730F4782EB4F}.Release|Any CPU.Build.0 = Release|Any CPU
		{AFA4A472-60B0-47B1-B5B5-730F4782EB4F}.Release|x64.ActiveCfg = Release|Any CPU
		{AFA4A472-60B0-47B1-B5B5-730F4782EB4F}.Release|x64.Build.0 = Release|Any CPU
		{AFA4A472-60B0-47B1-B5B5-730F4782EB4F}.Release|x86.ActiveCfg = Release|Any CPU
		{AFA4A472-60B0-47B1-B5B5-730F4782EB4F}.Release|x86.Build.0 = Release|Any CPU
		{08060170-2F0F-4C56-82FD-D93BA6F1A56D}.Debug|Any CPU.ActiveCfg = Debug|Any CPU
		{08060170-2F0F-4C56-82FD-D93BA6F1A56D}.Debug|Any CPU.Build.0 = Debug|Any CPU
		{08060170-2F0F-4C56-82FD-D93BA6F1A56D}.Debug|x64.ActiveCfg = Debug|Any CPU
		{08060170-2F0F-4C56-82FD-D93BA6F1A56D}.Debug|x64.Build.0 = Debug|Any CPU
		{08060170-2F0F-4C56-82FD-D93BA6F1A56D}.Debug|x86.ActiveCfg = Debug|Any CPU
		{08060170-2F0F-4C56-82FD-D93BA6F1A56D}.Debug|x86.Build.0 = Debug|Any CPU
		{08060170-2F0F-4C56-82FD-D93BA6F1A56D}.Release|Any CPU.ActiveCfg = Release|Any CPU
		{08060170-2F0F-4C56-82FD-D93BA6F1A56D}.Release|Any CPU.Build.0 = Release|Any CPU
		{08060170-2F0F-4C56-82FD-D93BA6F1A56D}.Release|x64.ActiveCfg = Release|Any CPU
		{08060170-2F0F-4C56-82FD-D93BA6F1A56D}.Release|x64.Build.0 = Release|Any CPU
		{08060170-2F0F-4C56-82FD-D93BA6F1A56D}.Release|x86.ActiveCfg = Release|Any CPU
		{08060170-2F0F-4C56-82FD-D93BA6F1A56D}.Release|x86.Build.0 = Release|Any CPU
		{A8823B49-FBE2-47A4-9A74-1B6336D1E018}.Debug|Any CPU.ActiveCfg = Debug|Any CPU
		{A8823B49-FBE2-47A4-9A74-1B6336D1E018}.Debug|Any CPU.Build.0 = Debug|Any CPU
		{A8823B49-FBE2-47A4-9A74-1B6336D1E018}.Debug|x64.ActiveCfg = Debug|Any CPU
		{A8823B49-FBE2-47A4-9A74-1B6336D1E018}.Debug|x64.Build.0 = Debug|Any CPU
		{A8823B49-FBE2-47A4-9A74-1B6336D1E018}.Debug|x86.ActiveCfg = Debug|Any CPU
		{A8823B49-FBE2-47A4-9A74-1B6336D1E018}.Debug|x86.Build.0 = Debug|Any CPU
		{A8823B49-FBE2-47A4-9A74-1B6336D1E018}.Release|Any CPU.ActiveCfg = Release|Any CPU
		{A8823B49-FBE2-47A4-9A74-1B6336D1E018}.Release|Any CPU.Build.0 = Release|Any CPU
		{A8823B49-FBE2-47A4-9A74-1B6336D1E018}.Release|x64.ActiveCfg = Release|Any CPU
		{A8823B49-FBE2-47A4-9A74-1B6336D1E018}.Release|x64.Build.0 = Release|Any CPU
		{A8823B49-FBE2-47A4-9A74-1B6336D1E018}.Release|x86.ActiveCfg = Release|Any CPU
		{A8823B49-FBE2-47A4-9A74-1B6336D1E018}.Release|x86.Build.0 = Release|Any CPU
		{A3F0DE15-AC97-428D-830C-4F9721EE3627}.Debug|Any CPU.ActiveCfg = Debug|Any CPU
		{A3F0DE15-AC97-428D-830C-4F9721EE3627}.Debug|Any CPU.Build.0 = Debug|Any CPU
		{A3F0DE15-AC97-428D-830C-4F9721EE3627}.Debug|x64.ActiveCfg = Debug|Any CPU
		{A3F0DE15-AC97-428D-830C-4F9721EE3627}.Debug|x64.Build.0 = Debug|Any CPU
		{A3F0DE15-AC97-428D-830C-4F9721EE3627}.Debug|x86.ActiveCfg = Debug|Any CPU
		{A3F0DE15-AC97-428D-830C-4F9721EE3627}.Debug|x86.Build.0 = Debug|Any CPU
		{A3F0DE15-AC97-428D-830C-4F9721EE3627}.Release|Any CPU.ActiveCfg = Release|Any CPU
		{A3F0DE15-AC97-428D-830C-4F9721EE3627}.Release|Any CPU.Build.0 = Release|Any CPU
		{A3F0DE15-AC97-428D-830C-4F9721EE3627}.Release|x64.ActiveCfg = Release|Any CPU
		{A3F0DE15-AC97-428D-830C-4F9721EE3627}.Release|x64.Build.0 = Release|Any CPU
		{A3F0DE15-AC97-428D-830C-4F9721EE3627}.Release|x86.ActiveCfg = Release|Any CPU
		{A3F0DE15-AC97-428D-830C-4F9721EE3627}.Release|x86.Build.0 = Release|Any CPU
		{F79FCD64-0F08-443B-A02E-22CA1E8D8DB3}.Debug|Any CPU.ActiveCfg = Debug|Any CPU
		{F79FCD64-0F08-443B-A02E-22CA1E8D8DB3}.Debug|Any CPU.Build.0 = Debug|Any CPU
		{F79FCD64-0F08-443B-A02E-22CA1E8D8DB3}.Debug|x64.ActiveCfg = Debug|Any CPU
		{F79FCD64-0F08-443B-A02E-22CA1E8D8DB3}.Debug|x64.Build.0 = Debug|Any CPU
		{F79FCD64-0F08-443B-A02E-22CA1E8D8DB3}.Debug|x86.ActiveCfg = Debug|Any CPU
		{F79FCD64-0F08-443B-A02E-22CA1E8D8DB3}.Debug|x86.Build.0 = Debug|Any CPU
		{F79FCD64-0F08-443B-A02E-22CA1E8D8DB3}.Release|Any CPU.ActiveCfg = Release|Any CPU
		{F79FCD64-0F08-443B-A02E-22CA1E8D8DB3}.Release|Any CPU.Build.0 = Release|Any CPU
		{F79FCD64-0F08-443B-A02E-22CA1E8D8DB3}.Release|x64.ActiveCfg = Release|Any CPU
		{F79FCD64-0F08-443B-A02E-22CA1E8D8DB3}.Release|x64.Build.0 = Release|Any CPU
		{F79FCD64-0F08-443B-A02E-22CA1E8D8DB3}.Release|x86.ActiveCfg = Release|Any CPU
		{F79FCD64-0F08-443B-A02E-22CA1E8D8DB3}.Release|x86.Build.0 = Release|Any CPU
		{6AD7434E-28AA-46DA-BD61-E90BE3774E0E}.Debug|Any CPU.ActiveCfg = Debug|Any CPU
		{6AD7434E-28AA-46DA-BD61-E90BE3774E0E}.Debug|Any CPU.Build.0 = Debug|Any CPU
		{6AD7434E-28AA-46DA-BD61-E90BE3774E0E}.Debug|x64.ActiveCfg = Debug|Any CPU
		{6AD7434E-28AA-46DA-BD61-E90BE3774E0E}.Debug|x64.Build.0 = Debug|Any CPU
		{6AD7434E-28AA-46DA-BD61-E90BE3774E0E}.Debug|x86.ActiveCfg = Debug|Any CPU
		{6AD7434E-28AA-46DA-BD61-E90BE3774E0E}.Debug|x86.Build.0 = Debug|Any CPU
		{6AD7434E-28AA-46DA-BD61-E90BE3774E0E}.Release|Any CPU.ActiveCfg = Release|Any CPU
		{6AD7434E-28AA-46DA-BD61-E90BE3774E0E}.Release|Any CPU.Build.0 = Release|Any CPU
		{6AD7434E-28AA-46DA-BD61-E90BE3774E0E}.Release|x64.ActiveCfg = Release|Any CPU
		{6AD7434E-28AA-46DA-BD61-E90BE3774E0E}.Release|x64.Build.0 = Release|Any CPU
		{6AD7434E-28AA-46DA-BD61-E90BE3774E0E}.Release|x86.ActiveCfg = Release|Any CPU
		{6AD7434E-28AA-46DA-BD61-E90BE3774E0E}.Release|x86.Build.0 = Release|Any CPU
		{0BB3C4CE-DAEC-4884-A061-449921C6E9B9}.Debug|Any CPU.ActiveCfg = Debug|Any CPU
		{0BB3C4CE-DAEC-4884-A061-449921C6E9B9}.Debug|Any CPU.Build.0 = Debug|Any CPU
		{0BB3C4CE-DAEC-4884-A061-449921C6E9B9}.Debug|x64.ActiveCfg = Debug|Any CPU
		{0BB3C4CE-DAEC-4884-A061-449921C6E9B9}.Debug|x64.Build.0 = Debug|Any CPU
		{0BB3C4CE-DAEC-4884-A061-449921C6E9B9}.Debug|x86.ActiveCfg = Debug|Any CPU
		{0BB3C4CE-DAEC-4884-A061-449921C6E9B9}.Debug|x86.Build.0 = Debug|Any CPU
		{0BB3C4CE-DAEC-4884-A061-449921C6E9B9}.Release|Any CPU.ActiveCfg = Release|Any CPU
		{0BB3C4CE-DAEC-4884-A061-449921C6E9B9}.Release|Any CPU.Build.0 = Release|Any CPU
		{0BB3C4CE-DAEC-4884-A061-449921C6E9B9}.Release|x64.ActiveCfg = Release|Any CPU
		{0BB3C4CE-DAEC-4884-A061-449921C6E9B9}.Release|x64.Build.0 = Release|Any CPU
		{0BB3C4CE-DAEC-4884-A061-449921C6E9B9}.Release|x86.ActiveCfg = Release|Any CPU
		{0BB3C4CE-DAEC-4884-A061-449921C6E9B9}.Release|x86.Build.0 = Release|Any CPU
		{CC93F4E5-DBC0-42C4-A3AC-EF40FDF613F3}.Debug|Any CPU.ActiveCfg = Debug|Any CPU
		{CC93F4E5-DBC0-42C4-A3AC-EF40FDF613F3}.Debug|Any CPU.Build.0 = Debug|Any CPU
		{CC93F4E5-DBC0-42C4-A3AC-EF40FDF613F3}.Debug|x64.ActiveCfg = Debug|Any CPU
		{CC93F4E5-DBC0-42C4-A3AC-EF40FDF613F3}.Debug|x64.Build.0 = Debug|Any CPU
		{CC93F4E5-DBC0-42C4-A3AC-EF40FDF613F3}.Debug|x86.ActiveCfg = Debug|Any CPU
		{CC93F4E5-DBC0-42C4-A3AC-EF40FDF613F3}.Debug|x86.Build.0 = Debug|Any CPU
		{CC93F4E5-DBC0-42C4-A3AC-EF40FDF613F3}.Release|Any CPU.ActiveCfg = Release|Any CPU
		{CC93F4E5-DBC0-42C4-A3AC-EF40FDF613F3}.Release|Any CPU.Build.0 = Release|Any CPU
		{CC93F4E5-DBC0-42C4-A3AC-EF40FDF613F3}.Release|x64.ActiveCfg = Release|Any CPU
		{CC93F4E5-DBC0-42C4-A3AC-EF40FDF613F3}.Release|x64.Build.0 = Release|Any CPU
		{CC93F4E5-DBC0-42C4-A3AC-EF40FDF613F3}.Release|x86.ActiveCfg = Release|Any CPU
		{CC93F4E5-DBC0-42C4-A3AC-EF40FDF613F3}.Release|x86.Build.0 = Release|Any CPU
		{E83BBF5C-4010-4F90-8319-52610D97238E}.Debug|Any CPU.ActiveCfg = Debug|Any CPU
		{E83BBF5C-4010-4F90-8319-52610D97238E}.Debug|Any CPU.Build.0 = Debug|Any CPU
		{E83BBF5C-4010-4F90-8319-52610D97238E}.Debug|x64.ActiveCfg = Debug|Any CPU
		{E83BBF5C-4010-4F90-8319-52610D97238E}.Debug|x64.Build.0 = Debug|Any CPU
		{E83BBF5C-4010-4F90-8319-52610D97238E}.Debug|x86.ActiveCfg = Debug|Any CPU
		{E83BBF5C-4010-4F90-8319-52610D97238E}.Debug|x86.Build.0 = Debug|Any CPU
		{E83BBF5C-4010-4F90-8319-52610D97238E}.Release|Any CPU.ActiveCfg = Release|Any CPU
		{E83BBF5C-4010-4F90-8319-52610D97238E}.Release|Any CPU.Build.0 = Release|Any CPU
		{E83BBF5C-4010-4F90-8319-52610D97238E}.Release|x64.ActiveCfg = Release|Any CPU
		{E83BBF5C-4010-4F90-8319-52610D97238E}.Release|x64.Build.0 = Release|Any CPU
		{E83BBF5C-4010-4F90-8319-52610D97238E}.Release|x86.ActiveCfg = Release|Any CPU
		{E83BBF5C-4010-4F90-8319-52610D97238E}.Release|x86.Build.0 = Release|Any CPU
		{FB8BD1D8-7BD1-479B-AE01-C8967B461F5E}.Debug|Any CPU.ActiveCfg = Debug|Any CPU
		{FB8BD1D8-7BD1-479B-AE01-C8967B461F5E}.Debug|Any CPU.Build.0 = Debug|Any CPU
		{FB8BD1D8-7BD1-479B-AE01-C8967B461F5E}.Debug|x64.ActiveCfg = Debug|Any CPU
		{FB8BD1D8-7BD1-479B-AE01-C8967B461F5E}.Debug|x64.Build.0 = Debug|Any CPU
		{FB8BD1D8-7BD1-479B-AE01-C8967B461F5E}.Debug|x86.ActiveCfg = Debug|Any CPU
		{FB8BD1D8-7BD1-479B-AE01-C8967B461F5E}.Debug|x86.Build.0 = Debug|Any CPU
		{FB8BD1D8-7BD1-479B-AE01-C8967B461F5E}.Release|Any CPU.ActiveCfg = Release|Any CPU
		{FB8BD1D8-7BD1-479B-AE01-C8967B461F5E}.Release|Any CPU.Build.0 = Release|Any CPU
		{FB8BD1D8-7BD1-479B-AE01-C8967B461F5E}.Release|x64.ActiveCfg = Release|Any CPU
		{FB8BD1D8-7BD1-479B-AE01-C8967B461F5E}.Release|x64.Build.0 = Release|Any CPU
		{FB8BD1D8-7BD1-479B-AE01-C8967B461F5E}.Release|x86.ActiveCfg = Release|Any CPU
		{FB8BD1D8-7BD1-479B-AE01-C8967B461F5E}.Release|x86.Build.0 = Release|Any CPU
		{C106AF1D-721C-41FB-BE40-A0A873C1B9BD}.Debug|Any CPU.ActiveCfg = Debug|Any CPU
		{C106AF1D-721C-41FB-BE40-A0A873C1B9BD}.Debug|Any CPU.Build.0 = Debug|Any CPU
		{C106AF1D-721C-41FB-BE40-A0A873C1B9BD}.Debug|x64.ActiveCfg = Debug|Any CPU
		{C106AF1D-721C-41FB-BE40-A0A873C1B9BD}.Debug|x64.Build.0 = Debug|Any CPU
		{C106AF1D-721C-41FB-BE40-A0A873C1B9BD}.Debug|x86.ActiveCfg = Debug|Any CPU
		{C106AF1D-721C-41FB-BE40-A0A873C1B9BD}.Debug|x86.Build.0 = Debug|Any CPU
		{C106AF1D-721C-41FB-BE40-A0A873C1B9BD}.Release|Any CPU.ActiveCfg = Release|Any CPU
		{C106AF1D-721C-41FB-BE40-A0A873C1B9BD}.Release|Any CPU.Build.0 = Release|Any CPU
		{C106AF1D-721C-41FB-BE40-A0A873C1B9BD}.Release|x64.ActiveCfg = Release|Any CPU
		{C106AF1D-721C-41FB-BE40-A0A873C1B9BD}.Release|x64.Build.0 = Release|Any CPU
		{C106AF1D-721C-41FB-BE40-A0A873C1B9BD}.Release|x86.ActiveCfg = Release|Any CPU
		{C106AF1D-721C-41FB-BE40-A0A873C1B9BD}.Release|x86.Build.0 = Release|Any CPU
	EndGlobalSection
	GlobalSection(SolutionProperties) = preSolution
		HideSolutionNode = FALSE
	EndGlobalSection
	GlobalSection(ExtensibilityGlobals) = postSolution
		SolutionGuid = {8FF8A2CE-41D5-47B1-9BA3-991ED4B6D2F8}
	EndGlobalSection
EndGlobal
